PODS:
  - GZCodeCoverageKit (0.1.0)

DEPENDENCIES:
  - GZCodeCoverageKit (from `../`)

EXTERNAL SOURCES:
  GZCodeCoverageKit:
    :path: "../"

SPEC CHECKSUMS:
  GZCodeCoverageKit: b6af5299f8b48288a4e70253a4619a141b3707f7

PODFILE CHECKSUM: c8d32cdd34d706745f8f88956733aadde5cec181

COCOAPODS: 1.12.1
